
Microsoft Visual Studio Solution File, Format Version 12.00
# Visual Studio 15
VisualStudioVersion = 15.0.26228.4
MinimumVisualStudioVersion = 10.0.40219.1
Project("{FAE04EC0-301F-11D3-BF4B-00C04F79EFBC}") = "ventaPeliculas", "ventaPeliculas\ventaPeliculas.csproj", "{DF074B6B-D6C6-49CD-B900-81684E31B553}"
EndProject
Global
	GlobalSection(SolutionConfigurationPlatforms) = preSolution
		Debug|Any CPU = Debug|Any CPU
		Release|Any CPU = Release|Any CPU
	EndGlobalSection
	GlobalSection(ProjectConfigurationPlatforms) = postSolution
		{DF074B6B-D6C6-49CD-B900-81684E31B553}.Debug|Any CPU.ActiveCfg = Debug|Any CPU
		{DF074B6B-D6C6-49CD-B900-81684E31B553}.Debug|Any CPU.Build.0 = Debug|Any CPU
		{DF074B6B-D6C6-49CD-B900-81684E31B553}.Release|Any CPU.ActiveCfg = Release|Any CPU
		{DF074B6B-D6C6-49CD-B900-81684E31B553}.Release|Any CPU.Build.0 = Release|Any CPU
	EndGlobalSection
	GlobalSection(SolutionProperties) = preSolution
		HideSolutionNode = FALSE
	EndGlobalSection
EndGlobal
